
Microsoft Visual Studio Solution File, Format Version 12.00
# Visual Studio Version 16
VisualStudioVersion = 16.0.29613.14
MinimumVisualStudioVersion = 10.0.40219.1
Project("{8BC9CEB8-8B4A-11D0-8D11-00A0C91BC942}") = "Arcane", "Arcane\Arcane.vcxproj", "{FDA7B389-08B8-4B2B-A0F9-1488FB7AAB92}"
EndProject
Project("{8BC9CEB8-8B4A-11D0-8D11-00A0C91BC942}") = "Arcane Editor", "Arcane Editor\Arcane Editor.vcxproj", "{113BA9D2-98C0-461F-B971-FE97691EA465}"
EndProject
Global
	GlobalSection(SolutionConfigurationPlatforms) = preSolution
		Debug|x64 = Debug|x64
		Final|x64 = Final|x64
		Release|x64 = Release|x64
	EndGlobalSection
	GlobalSection(ProjectConfigurationPlatforms) = postSolution
		{FDA7B389-08B8-4B2B-A0F9-1488FB7AAB92}.Debug|x64.ActiveCfg = Debug|x64
		{FDA7B389-08B8-4B2B-A0F9-1488FB7AAB92}.Debug|x64.Build.0 = Debug|x64
		{FDA7B389-08B8-4B2B-A0F9-1488FB7AAB92}.Final|x64.ActiveCfg = Final|x64
		{FDA7B389-08B8-4B2B-A0F9-1488FB7AAB92}.Final|x64.Build.0 = Final|x64
		{FDA7B389-08B8-4B2B-A0F9-1488FB7AAB92}.Release|x64.ActiveCfg = Release|x64
		{FDA7B389-08B8-4B2B-A0F9-1488FB7AAB92}.Release|x64.Build.0 = Release|x64
		{113BA9D2-98C0-461F-B971-FE97691EA465}.Debug|x64.ActiveCfg = Debug|x64
		{113BA9D2-98C0-461F-B971-FE97691EA465}.Debug|x64.Build.0 = Debug|x64
		{113BA9D2-98C0-461F-B971-FE97691EA465}.Final|x64.ActiveCfg = Release|x64
		{113BA9D2-98C0-461F-B971-FE97691EA465}.Final|x64.Build.0 = Release|x64
		{113BA9D2-98C0-461F-B971-FE97691EA465}.Release|x64.ActiveCfg = Release|x64
		{113BA9D2-98C0-461F-B971-FE97691EA465}.Release|x64.Build.0 = Release|x64
	EndGlobalSection
	GlobalSection(SolutionProperties) = preSolution
		HideSolutionNode = FALSE
	EndGlobalSection
	GlobalSection(ExtensibilityGlobals) = postSolution
		SolutionGuid = {AE0B012F-9B12-4508-974E-C9D2B0650076}
	EndGlobalSection
EndGlobal
