<?xml version="1.0" encoding="utf-8"?>
<Project ToolsVersion="4.0" xmlns="http://schemas.microsoft.com/developer/msbuild/2003">
  <ItemGroup>
    <ClCompile Include="src\Arcane\RenderdocManager.cpp" />
    <ClCompile Include="src\Arcane\Core\Application.cpp" />
    <ClCompile Include="src\Arcane\Core\Layer.cpp" />
    <ClCompile Include="src\Arcane\Core\LayerStack.cpp" />
    <ClCompile Include="src\Arcane\Editor\ConsolePanel.cpp" />
    <ClCompile Include="src\Arcane\Editor\EditorViewport.cpp" />
    <ClCompile Include="src\Arcane\Editor\GraphicsSettings.cpp" />
    <ClCompile Include="src\Arcane\Editor\InspectorPanel.cpp" />
    <ClCompile Include="src\Arcane\Editor\ScenePanel.cpp" />
    <ClCompile Include="src\Arcane\Graphics\Renderer\Renderer.cpp" />
    <ClCompile Include="src\Arcane\Graphics\Renderer\Renderpass\Deferred\DeferredGeometryPass.cpp" />
    <ClCompile Include="src\Arcane\Graphics\Renderer\Renderpass\Deferred\DeferredLightingPass.cpp" />
    <ClCompile Include="src\Arcane\Graphics\Renderer\Renderpass\Deferred\PostGBufferForwardPass.cpp" />
    <ClCompile Include="src\Arcane\Graphics\Renderer\Renderpass\WaterPass.cpp" />
    <ClCompile Include="src\Arcane\ImGui\ImGuiLayer.cpp" />
    <ClCompile Include="src\Arcane\Input\JoystickInputData.cpp" />
    <ClCompile Include="src\Arcane\Graphics\Camera\FPSCamera.cpp" />
    <ClCompile Include="src\Arcane\Graphics\Camera\CubemapCamera.cpp" />
    <ClCompile Include="src\Arcane\Graphics\Lights\DirectionalLight.cpp" />
    <ClCompile Include="src\Arcane\Graphics\Lights\Light.cpp" />
    <ClCompile Include="src\Arcane\Graphics\Lights\LightManager.cpp" />
    <ClCompile Include="src\Arcane\Graphics\Lights\PointLight.cpp" />
    <ClCompile Include="src\Arcane\Graphics\Lights\SpotLight.cpp" />
    <ClCompile Include="src\Arcane\Graphics\IBL\ProbeManager.cpp" />
    <ClCompile Include="src\Arcane\Graphics\IBL\LightProbe.cpp" />
    <ClCompile Include="src\Arcane\Graphics\IBL\ReflectionProbe.cpp" />
    <ClCompile Include="src\Arcane\Graphics\Mesh\Common\Cube.cpp" />
    <ClCompile Include="src\Arcane\Graphics\Mesh\Common\Quad.cpp" />
    <ClCompile Include="src\Arcane\Graphics\Mesh\Common\Sphere.cpp" />
    <ClCompile Include="src\Arcane\Graphics\Mesh\Material.cpp" />
    <ClCompile Include="src\Arcane\Graphics\Mesh\Model.cpp" />
    <ClCompile Include="src\Arcane\Graphics\Mesh\Mesh.cpp" />
    <ClCompile Include="src\Arcane\Graphics\Renderer\GLCache.cpp" />
    <ClCompile Include="src\Arcane\Graphics\Renderer\Renderpass\MasterRenderPass.cpp" />
    <ClCompile Include="src\Arcane\Graphics\Renderer\Renderpass\Forward\ForwardProbePass.cpp" />
    <ClCompile Include="src\Arcane\Graphics\Renderer\Renderpass\Forward\ForwardLightingPass.cpp" />
    <ClCompile Include="src\Arcane\Graphics\Renderer\Renderpass\PostProcessPass.cpp" />
    <ClCompile Include="src\Arcane\Graphics\Renderer\Renderpass\RenderPass.cpp" />
    <ClCompile Include="src\Arcane\Graphics\Renderer\Renderpass\ShadowmapPass.cpp" />
    <ClCompile Include="src\Arcane\Input\InputManager.cpp" />
    <ClCompile Include="src\Arcane\Input\JoystickManager.cpp" />
    <ClCompile Include="src\Arcane\main.cpp" />
    <ClCompile Include="src\Arcane\Platform\OpenGL\OpenGLImGuiLayer.cpp" />
    <ClCompile Include="src\Arcane\Util\Loaders\AssetManager.cpp" />
    <ClCompile Include="src\Arcane\Vendor\Imgui\examples\imgui_impl_glfw.cpp" />
    <ClCompile Include="src\Arcane\Vendor\Imgui\examples\imgui_impl_opengl3.cpp" />
    <ClCompile Include="src\Arcane\Vendor\Imgui\imgui_widgets.cpp" />
    <ClCompile Include="src\arcpch.cpp" />
    <ClCompile Include="src\Arcane\Platform\OpenGL\Framebuffer\GBuffer.cpp" />
    <ClCompile Include="src\Arcane\Graphics\Shader.cpp" />
    <ClCompile Include="src\Arcane\Graphics\Skybox.cpp" />
    <ClCompile Include="src\Arcane\Graphics\Texture\Cubemap.cpp" />
    <ClCompile Include="src\Arcane\Graphics\Texture\Texture.cpp" />
    <ClCompile Include="src\Arcane\Graphics\Window.cpp" />
    <ClCompile Include="src\Arcane\Platform\OpenGL\Buffer.cpp" />
    <ClCompile Include="src\Arcane\Platform\OpenGL\Framebuffer\Framebuffer.cpp" />
    <ClCompile Include="src\Arcane\Platform\OpenGL\IndexBuffer.cpp" />
    <ClCompile Include="src\Arcane\Platform\OpenGL\VertexArray.cpp" />
    <ClCompile Include="src\Arcane\Scene\Scene.cpp" />
    <ClCompile Include="src\Arcane\Terrain\Terrain.cpp" />
    <ClCompile Include="src\Arcane\Util\FileUtils.cpp" />
    <ClCompile Include="src\Arcane\Util\Loaders\ShaderLoader.cpp" />
    <ClCompile Include="src\Arcane\Util\Loaders\TextureLoader.cpp" />
    <ClCompile Include="src\Arcane\Util\Logger.cpp" />
    <ClCompile Include="src\Arcane\Util\Time.cpp" />
    <ClCompile Include="src\Arcane\Util\Timer.cpp" />
    <ClCompile Include="src\Arcane\Vendor\Imgui\imgui.cpp" />
    <ClCompile Include="src\Arcane\Vendor\Imgui\imgui_demo.cpp" />
    <ClCompile Include="src\Arcane\Vendor\Imgui\imgui_draw.cpp" />
    <ClCompile Include="src\Arcane\UI\DebugPane.cpp" />
    <ClCompile Include="src\Arcane\UI\Pane.cpp" />
    <ClCompile Include="src\Arcane\UI\RuntimePane.cpp" />
    <ClCompile Include="src\Arcane\UI\WaterPane.cpp" />
    <ClCompile Include="src\Arcane\Graphics\Renderer\Renderpass\EditorPass.cpp" />
  </ItemGroup>
  <ItemGroup>
    <ClInclude Include="src\Arcane\RenderdocManager.h" />
    <ClInclude Include="src\Arcane.h" />
    <ClInclude Include="src\Arcane\ArcaneEntryPoint.h" />
    <ClInclude Include="src\Arcane\Core\Application.h" />
    <ClInclude Include="src\Arcane\Core\Assert.h" />
    <ClInclude Include="src\Arcane\Core\Base.h" />
    <ClInclude Include="src\Arcane\Core\Events\ApplicationEvent.h" />
    <ClInclude Include="src\Arcane\Core\Events\Event.h" />
    <ClInclude Include="src\Arcane\Core\Events\KeyEvent.h" />
    <ClInclude Include="src\Arcane\Core\Events\MouseEvent.h" />
    <ClInclude Include="src\Arcane\Core\Layer.h" />
    <ClInclude Include="src\Arcane\Core\LayerStack.h" />
    <ClInclude Include="src\Arcane\Core\Threads\ThreadSafeQueue.h" />
    <ClInclude Include="src\Arcane\Defs.h" />
    <ClInclude Include="src\Arcane\Editor\ConsolePanel.h" />
    <ClInclude Include="src\Arcane\Editor\EditorViewport.h" />
    <ClInclude Include="src\Arcane\Editor\GraphicsSettings.h" />
    <ClInclude Include="src\Arcane\Editor\InspectorPanel.h" />
    <ClInclude Include="src\Arcane\Editor\ScenePanel.h" />
    <ClInclude Include="src\Arcane\Graphics\Renderer\Renderer.h" />
    <ClInclude Include="src\Arcane\Graphics\Renderer\Renderpass\Deferred\DeferredGeometryPass.h" />
    <ClInclude Include="src\Arcane\Graphics\Renderer\Renderpass\Deferred\DeferredLightingPass.h" />
    <ClInclude Include="src\Arcane\Graphics\Renderer\Renderpass\Deferred\PostGBufferForwardPass.h" />
    <ClInclude Include="src\Arcane\Graphics\Renderer\Renderpass\WaterPass.h" />
    <ClInclude Include="src\Arcane\ImGui\ImGuiLayer.h" />
    <ClInclude Include="src\Arcane\Input\JoystickInputData.h" />
    <ClInclude Include="src\Arcane\Graphics\Camera\FPSCamera.h" />
    <ClInclude Include="src\Arcane\Graphics\Camera\CubemapCamera.h" />
    <ClInclude Include="src\Arcane\Graphics\Camera\ICamera.h" />
    <ClInclude Include="src\Arcane\Graphics\Lights\DirectionalLight.h" />
    <ClInclude Include="src\Arcane\Graphics\Lights\Light.h" />
    <ClInclude Include="src\Arcane\Graphics\Lights\LightManager.h" />
    <ClInclude Include="src\Arcane\Graphics\Lights\PointLight.h" />
    <ClInclude Include="src\Arcane\Graphics\Lights\SpotLight.h" />
    <ClInclude Include="src\Arcane\Graphics\IBL\ProbeManager.h" />
    <ClInclude Include="src\Arcane\Graphics\IBL\LightProbe.h" />
    <ClInclude Include="src\Arcane\Graphics\IBL\ReflectionProbe.h" />
    <ClInclude Include="src\Arcane\Graphics\Mesh\Common\Cube.h" />
    <ClInclude Include="src\Arcane\Graphics\Mesh\Common\Quad.h" />
    <ClInclude Include="src\Arcane\Graphics\Mesh\Common\Sphere.h" />
    <ClInclude Include="src\Arcane\Graphics\Mesh\Material.h" />
    <ClInclude Include="src\Arcane\Graphics\Mesh\Model.h" />
    <ClInclude Include="src\Arcane\Graphics\Mesh\Mesh.h" />
    <ClInclude Include="src\Arcane\Graphics\Renderer\GLCache.h" />
    <ClInclude Include="src\Arcane\Graphics\Renderer\Renderpass\MasterRenderPass.h" />
    <ClInclude Include="src\Arcane\Graphics\Renderer\Renderpass\Forward\ForwardProbePass.h" />
    <ClInclude Include="src\Arcane\Graphics\Renderer\Renderpass\Forward\ForwardLightingPass.h" />
    <ClInclude Include="src\Arcane\Graphics\Renderer\Renderpass\PostProcessPass.h" />
    <ClInclude Include="src\Arcane\Graphics\Renderer\Renderpass\RenderPassType.h" />
    <ClInclude Include="src\Arcane\Graphics\Renderer\Renderpass\ShadowmapPass.h" />
    <ClInclude Include="src\Arcane\Input\InputManager.h" />
    <ClInclude Include="src\Arcane\Input\JoystickManager.h" />
    <ClInclude Include="src\Arcane\Platform\OpenGL\OpenGLImGuiLayer.h" />
    <ClInclude Include="src\Arcane\Scene\Components.h" />
    <ClInclude Include="src\Arcane\Scene\Entity.h" />
    <ClInclude Include="src\Arcane\UI\DebugPane.h" />
    <ClInclude Include="src\Arcane\UI\Pane.h" />
    <ClInclude Include="src\Arcane\UI\RuntimePane.h" />
    <ClInclude Include="src\Arcane\UI\WaterPane.h" />
    <ClInclude Include="src\Arcane\Util\Loaders\AssetManager.h" />
    <ClInclude Include="src\Arcane\Vendor\Imgui\examples\imgui_impl_glfw.h" />
    <ClInclude Include="src\Arcane\Vendor\Imgui\examples\imgui_impl_opengl3.h" />
    <ClInclude Include="src\Arcane\Vendor\Imgui\imstb_rectpack.h" />
    <ClInclude Include="src\Arcane\Vendor\Imgui\imstb_textedit.h" />
    <ClInclude Include="src\Arcane\Vendor\Imgui\imstb_truetype.h" />
    <ClInclude Include="src\arcpch.h" />
    <ClInclude Include="src\Arcane\Platform\OpenGL\Framebuffer\GBuffer.h" />
    <ClInclude Include="src\Arcane\Graphics\Renderer\Renderpass\RenderPass.h" />
    <ClInclude Include="src\Arcane\Graphics\Shader.h" />
    <ClInclude Include="src\Arcane\Graphics\Skybox.h" />
    <ClInclude Include="src\Arcane\Graphics\Texture\Cubemap.h" />
    <ClInclude Include="src\Arcane\Graphics\Texture\Texture.h" />
    <ClInclude Include="src\Arcane\Graphics\Window.h" />
    <ClInclude Include="src\Arcane\Platform\OpenGL\Buffer.h" />
    <ClInclude Include="src\Arcane\Platform\OpenGL\Framebuffer\Framebuffer.h" />
    <ClInclude Include="src\Arcane\Platform\OpenGL\IndexBuffer.h" />
    <ClInclude Include="src\Arcane\Platform\OpenGL\VertexArray.h" />
    <ClInclude Include="src\Arcane\Scene\Scene.h" />
    <ClInclude Include="src\Arcane\Terrain\Terrain.h" />
    <ClInclude Include="src\Arcane\Util\FileUtils.h" />
    <ClInclude Include="src\Arcane\Util\Loaders\ShaderLoader.h" />
    <ClInclude Include="src\Arcane\Util\Loaders\TextureLoader.h" />
    <ClInclude Include="src\Arcane\Util\Logger.h" />
    <ClInclude Include="src\Arcane\Util\Singleton.h" />
    <ClInclude Include="src\Arcane\Util\Time.h" />
    <ClInclude Include="src\Arcane\Util\Timer.h" />
    <ClInclude Include="src\Arcane\Vendor\Imgui\imconfig.h" />
    <ClInclude Include="src\Arcane\Vendor\Imgui\imgui.h" />
    <ClInclude Include="src\Arcane\Vendor\Imgui\imgui_internal.h" />
    <ClInclude Include="src\Arcane\Vendor\Imgui\stb_rect_pack.h" />
    <ClInclude Include="src\Arcane\Vendor\Imgui\stb_textedit.h" />
    <ClInclude Include="src\Arcane\Vendor\Imgui\stb_truetype.h" />
    <ClInclude Include="src\Arcane\Vendor\stb\stb_image.h" />
    <ClInclude Include="src\Arcane\Graphics\Renderer\Renderpass\EditorPass.h" />
  </ItemGroup>
  <ItemGroup>
    <Image Include="res\awesomeface.png" />
    <Image Include="res\container.jpg" />
    <Image Include="res\container2.png" />
    <Image Include="res\container2_emission.png" />
    <Image Include="res\container2_specular.png" />
    <Image Include="res\matrix.jpg" />
    <Image Include="res\skybox\back.png" />
    <Image Include="res\skybox\bottom.png" />
    <Image Include="res\skybox\front.png" />
    <Image Include="res\skybox\left.png" />
    <Image Include="res\skybox\right.png" />
    <Image Include="res\skybox\top.png" />
    <Image Include="res\terrain\blendMap.png" />
    <Image Include="res\terrain\dirt.png" />
    <Image Include="res\terrain\grass.png" />
    <Image Include="res\terrain\heightMap.png" />
    <Image Include="res\terrain\sand.png" />
    <Image Include="res\terrain\stone.png" />
    <Image Include="res\textures\fullSpec.png" />
    <Image Include="res\textures\grass.png" />
    <Image Include="res\textures\noSpec.png" />
    <Image Include="res\textures\window.png" />
  </ItemGroup>
  <ItemGroup>
    <None Include="src\Arcane\Shaders\Post_Process\Bloom\BloomBrightPass.glsl" />
    <None Include="src\Arcane\Shaders\Post_Process\Bloom\BloomGaussianBlur.glsl" />
    <None Include="src\Arcane\Shaders\BRDF_Integration.glsl" />
    <None Include="src\shaders\compute\frame_luminance.comp" />
    <None Include="src\Arcane\Shaders\Compute\Scene_Luminance.glsl" />
    <None Include="src\Arcane\Shaders\Deferred\PBR_LightingPass.glsl" />
    <None Include="src\Arcane\Shaders\Deferred\PBR_Model_GeometryPass.glsl" />
    <None Include="src\Arcane\Shaders\Deferred\PBR_Terrain_GeometryPass.glsl" />
    <None Include="src\shaders\directionalLight.frag" />
    <None Include="src\Arcane\Shaders\Forward\PBR_Model.glsl" />
    <None Include="src\Arcane\Shaders\Forward\PBR_Terrain.glsl" />
    <None Include="src\Arcane\Shaders\Post_Process\Bloom\Composite.glsl" />
    <None Include="src\Arcane\Shaders\Post_Process\Chromatic_Aberration\ChromaticAberration.glsl" />
    <None Include="src\Arcane\Shaders\Post_Process\Copy.glsl" />
    <None Include="src\Arcane\Shaders\Post_Process\Film_Grain\FilmGrain.glsl" />
    <None Include="src\Arcane\Shaders\Post_Process\FXAA\FXAA.glsl" />
    <None Include="src\Arcane\Shaders\LightProbe_Convolution.glsl" />
    <None Include="src\Arcane\Shaders\Post_Process\SMAA\SMAA.glsl" />
    <None Include="src\Arcane\Shaders\Post_Process\Vignette\Vignette.glsl" />
    <None Include="src\Arcane\Shaders\TonemapGammaCorrect.glsl" />
    <None Include="src\shaders\pointlight.frag" />
    <None Include="src\Arcane\Shaders\ReflectionProbe_ImportanceSampling.glsl" />
    <None Include="src\Arcane\Shaders\Shadowmap_Generation.glsl" />
    <None Include="src\Arcane\Shaders\Skybox.glsl" />
    <None Include="src\shaders\spotlight.frag" />
    <None Include="src\Arcane\Shaders\Post_Process\SSAO\SSAO.glsl" />
    <None Include="src\Arcane\Shaders\Post_Process\SSAO\SSAO_Blur.glsl" />
    <None Include="src\Arcane\Shaders\Water.glsl" />
    <None Include="src\Arcane\Shaders\ColourWrite.glsl" />
    <None Include="src\Arcane\Shaders\Outline.glsl" />
    <None Include="src\Arcane\Shaders\2D\UnlitSprite.glsl" />
  </ItemGroup>
</Project>