<?xml version="1.0" encoding="utf-8"?>
<Project ToolsVersion="4.0" xmlns="http://schemas.microsoft.com/developer/msbuild/2003">
  <ItemGroup>
    <ClCompile Include="src\ArcaneEditorApplication.cpp" />
    <ClCompile Include="src\EditorLayer.cpp" />
    <ClCompile Include="src\Testbed.cpp" />
  </ItemGroup>
  <ItemGroup>
    <ClInclude Include="src\EditorLayer.h" />
    <ClInclude Include="src\Testbed.h" />
  </ItemGroup>
</Project>