<?xml version="1.0" encoding="utf-8"?>
<Project ToolsVersion="4.0" xmlns="http://schemas.microsoft.com/developer/msbuild/2003">
  <ItemGroup>
    <Filter Include="Source Files">
      <UniqueIdentifier>{4FC737F1-C7A5-4376-A066-2A32D752A2FF}</UniqueIdentifier>
      <Extensions>cpp;c;cc;cxx;def;odl;idl;hpj;bat;asm;asmx</Extensions>
    </Filter>
    <Filter Include="Header Files">
      <UniqueIdentifier>{93995380-89BD-4b04-88EB-625FBE52EBFB}</UniqueIdentifier>
      <Extensions>h;hh;hpp;hxx;hm;inl;inc;xsd</Extensions>
    </Filter>
    <Filter Include="Resource Files">
      <UniqueIdentifier>{67DA6AB6-F800-4c08-8B7A-83BB121AAD01}</UniqueIdentifier>
      <Extensions>rc;ico;cur;bmp;dlg;rc2;rct;bin;rgs;gif;jpg;jpeg;jpe;resx;tiff;tif;png;wav;mfcribbon-ms</Extensions>
    </Filter>
  </ItemGroup>
  <ItemGroup>
    <ClCompile Include="src\graphics\Window.cpp">
      <Filter>Source Files</Filter>
    </ClCompile>
    <ClCompile Include="src\main.cpp">
      <Filter>Source Files</Filter>
    </ClCompile>
    <ClCompile Include="src\graphics\Shader.cpp">
      <Filter>Source Files</Filter>
    </ClCompile>
    <ClCompile Include="src\utils\Time.cpp">
      <Filter>Source Files</Filter>
    </ClCompile>
    <ClCompile Include="src\utils\Timer.cpp">
      <Filter>Source Files</Filter>
    </ClCompile>
    <ClCompile Include="src\utils\FileUtils.cpp">
      <Filter>Source Files</Filter>
    </ClCompile>
    <ClCompile Include="src\utils\Logger.cpp">
      <Filter>Source Files</Filter>
    </ClCompile>
    <ClCompile Include="src\terrain\Terrain.cpp">
      <Filter>Source Files</Filter>
    </ClCompile>
    <ClCompile Include="src\platform\OpenGL\Buffer.cpp">
      <Filter>Source Files</Filter>
    </ClCompile>
    <ClCompile Include="src\platform\OpenGL\IndexBuffer.cpp">
      <Filter>Source Files</Filter>
    </ClCompile>
    <ClCompile Include="src\platform\OpenGL\VertexArray.cpp">
      <Filter>Source Files</Filter>
    </ClCompile>
    <ClCompile Include="src\graphics\Skybox.cpp">
      <Filter>Source Files</Filter>
    </ClCompile>
    <ClCompile Include="src\graphics\renderer\GLCache.cpp">
      <Filter>Source Files</Filter>
    </ClCompile>
    <ClCompile Include="src\vendor\imgui\imgui.cpp">
      <Filter>Source Files</Filter>
    </ClCompile>
    <ClCompile Include="src\vendor\imgui\imgui_demo.cpp">
      <Filter>Source Files</Filter>
    </ClCompile>
    <ClCompile Include="src\vendor\imgui\imgui_draw.cpp">
      <Filter>Source Files</Filter>
    </ClCompile>
    <ClCompile Include="src\vendor\imgui\imgui_impl_glfw_gl3.cpp">
      <Filter>Source Files</Filter>
    </ClCompile>
    <ClCompile Include="src\graphics\mesh\Model.cpp">
      <Filter>Source Files</Filter>
    </ClCompile>
    <ClCompile Include="src\graphics\mesh\Material.cpp">
      <Filter>Source Files</Filter>
    </ClCompile>
    <ClCompile Include="src\graphics\mesh\Mesh.cpp">
      <Filter>Source Files</Filter>
    </ClCompile>
    <ClCompile Include="src\graphics\mesh\common\Cube.cpp">
      <Filter>Source Files</Filter>
    </ClCompile>
    <ClCompile Include="src\graphics\mesh\common\Sphere.cpp">
      <Filter>Source Files</Filter>
    </ClCompile>
    <ClCompile Include="src\graphics\mesh\common\Quad.cpp">
      <Filter>Source Files</Filter>
    </ClCompile>
    <ClCompile Include="src\graphics\texture\Texture.cpp">
      <Filter>Source Files</Filter>
    </ClCompile>
    <ClCompile Include="src\utils\loaders\TextureLoader.cpp">
      <Filter>Source Files</Filter>
    </ClCompile>
    <ClCompile Include="src\utils\loaders\MeshLoader.cpp">
      <Filter>Source Files</Filter>
    </ClCompile>
    <ClCompile Include="src\graphics\texture\Cubemap.cpp">
      <Filter>Source Files</Filter>
    </ClCompile>
    <ClCompile Include="src\ui\RuntimePane.cpp">
      <Filter>Source Files</Filter>
    </ClCompile>
    <ClCompile Include="src\ui\DebugPane.cpp">
      <Filter>Source Files</Filter>
    </ClCompile>
    <ClCompile Include="src\ui\Pane.cpp">
      <Filter>Source Files</Filter>
    </ClCompile>
    <ClCompile Include="src\graphics\camera\CubemapCamera.cpp">
      <Filter>Source Files</Filter>
    </ClCompile>
    <ClCompile Include="src\graphics\camera\FPSCamera.cpp">
      <Filter>Source Files</Filter>
    </ClCompile>
    <ClCompile Include="src\pch.cpp">
      <Filter>Source Files</Filter>
    </ClCompile>
    <ClCompile Include="src\platform\OpenGL\Framebuffers\Framebuffer.cpp">
      <Filter>Source Files</Filter>
    </ClCompile>
    <ClCompile Include="src\scene\Scene3D.cpp">
      <Filter>Source Files</Filter>
    </ClCompile>
    <ClCompile Include="src\input\InputManager.cpp">
      <Filter>Source Files</Filter>
    </ClCompile>
    <ClCompile Include="src\input\JoystickManager.cpp">
      <Filter>Source Files</Filter>
    </ClCompile>
    <ClCompile Include="src\scene\RenderableModel.cpp">
      <Filter>Source Files</Filter>
    </ClCompile>
    <ClCompile Include="src\graphics\renderer\MasterRenderer.cpp">
      <Filter>Source Files</Filter>
    </ClCompile>
    <ClCompile Include="src\graphics\renderer\renderpass\RenderPass.cpp">
      <Filter>Source Files</Filter>
    </ClCompile>
    <ClCompile Include="src\graphics\renderer\ModelRenderer.cpp">
      <Filter>Source Files</Filter>
    </ClCompile>
    <ClCompile Include="src\utils\loaders\ShaderLoader.cpp">
      <Filter>Source Files</Filter>
    </ClCompile>
    <ClCompile Include="src\graphics\ibl\LightProbe.cpp">
      <Filter>Source Files</Filter>
    </ClCompile>
    <ClCompile Include="src\graphics\ibl\ReflectionProbe.cpp">
      <Filter>Source Files</Filter>
    </ClCompile>
    <ClCompile Include="src\graphics\ibl\ProbeManager.cpp">
      <Filter>Source Files</Filter>
    </ClCompile>
    <ClCompile Include="src\input\JoystickInputData.cpp">
      <Filter>Source Files</Filter>
    </ClCompile>
    <ClCompile Include="src\graphics\lights\DirectionalLight.cpp">
      <Filter>Source Files</Filter>
    </ClCompile>
    <ClCompile Include="src\graphics\lights\DynamicLightManager.cpp">
      <Filter>Source Files</Filter>
    </ClCompile>
    <ClCompile Include="src\graphics\lights\PointLight.cpp">
      <Filter>Source Files</Filter>
    </ClCompile>
    <ClCompile Include="src\graphics\lights\SpotLight.cpp">
      <Filter>Source Files</Filter>
    </ClCompile>
    <ClCompile Include="src\graphics\lights\Light.cpp">
      <Filter>Source Files</Filter>
    </ClCompile>
    <ClCompile Include="src\graphics\renderer\renderpass\forward\ForwardProbePass.cpp">
      <Filter>Source Files</Filter>
    </ClCompile>
    <ClCompile Include="src\graphics\renderer\renderpass\forward\ForwardLightingPass.cpp">
      <Filter>Source Files</Filter>
    </ClCompile>
    <ClCompile Include="src\graphics\renderer\renderpass\ShadowmapPass.cpp">
      <Filter>Source Files</Filter>
    </ClCompile>
    <ClCompile Include="src\platform\OpenGL\Framebuffers\GBuffer.cpp">
      <Filter>Source Files</Filter>
    </ClCompile>
    <ClCompile Include="src\graphics\renderer\renderpass\deferred\DeferredGeometryPass.cpp">
      <Filter>Source Files</Filter>
    </ClCompile>
    <ClCompile Include="src\graphics\renderer\renderpass\deferred\DeferredLightingPass.cpp">
      <Filter>Source Files</Filter>
    </ClCompile>
    <ClCompile Include="src\graphics\renderer\renderpass\PostProcessPass.cpp">
      <Filter>Source Files</Filter>
    </ClCompile>
    <ClCompile Include="src\graphics\renderer\renderpass\deferred\PostGBufferForwardPass.cpp">
      <Filter>Source Files</Filter>
    </ClCompile>
    <ClCompile Include="src\graphics\renderer\renderpass\WaterPass.cpp">
      <Filter>Source Files</Filter>
    </ClCompile>
    <ClCompile Include="src\ui\WaterPane.cpp">
      <Filter>Source Files</Filter>
    </ClCompile>
    <ClCompile Include="src\core\Layer.cpp">
      <Filter>Source Files</Filter>
    </ClCompile>
    <ClCompile Include="src\core\LayerStack.cpp">
      <Filter>Source Files</Filter>
    </ClCompile>
    <ClCompile Include="src\core\Application.cpp">
      <Filter>Source Files</Filter>
    </ClCompile>
  </ItemGroup>
  <ItemGroup>
    <ClInclude Include="src\graphics\Window.h">
      <Filter>Header Files</Filter>
    </ClInclude>
    <ClInclude Include="src\utils\Timer.h">
      <Filter>Header Files</Filter>
    </ClInclude>
    <ClInclude Include="src\utils\FileUtils.h">
      <Filter>Header Files</Filter>
    </ClInclude>
    <ClInclude Include="src\graphics\Shader.h">
      <Filter>Header Files</Filter>
    </ClInclude>
    <ClInclude Include="src\utils\Time.h">
      <Filter>Header Files</Filter>
    </ClInclude>
    <ClInclude Include="src\utils\Logger.h">
      <Filter>Header Files</Filter>
    </ClInclude>
    <ClInclude Include="src\terrain\Terrain.h">
      <Filter>Header Files</Filter>
    </ClInclude>
    <ClInclude Include="src\platform\OpenGL\Buffer.h">
      <Filter>Header Files</Filter>
    </ClInclude>
    <ClInclude Include="src\platform\OpenGL\IndexBuffer.h">
      <Filter>Header Files</Filter>
    </ClInclude>
    <ClInclude Include="src\platform\OpenGL\VertexArray.h">
      <Filter>Header Files</Filter>
    </ClInclude>
    <ClInclude Include="src\utils\Singleton.h">
      <Filter>Header Files</Filter>
    </ClInclude>
    <ClInclude Include="src\graphics\Skybox.h">
      <Filter>Header Files</Filter>
    </ClInclude>
    <ClInclude Include="src\Defs.h">
      <Filter>Header Files</Filter>
    </ClInclude>
    <ClInclude Include="src\graphics\renderer\GLCache.h">
      <Filter>Header Files</Filter>
    </ClInclude>
    <ClInclude Include="src\vendor\imgui\imconfig.h">
      <Filter>Header Files</Filter>
    </ClInclude>
    <ClInclude Include="src\vendor\imgui\imgui.h">
      <Filter>Header Files</Filter>
    </ClInclude>
    <ClInclude Include="src\vendor\imgui\imgui_impl_glfw_gl3.h">
      <Filter>Header Files</Filter>
    </ClInclude>
    <ClInclude Include="src\vendor\imgui\imgui_internal.h">
      <Filter>Header Files</Filter>
    </ClInclude>
    <ClInclude Include="src\vendor\imgui\stb_rect_pack.h">
      <Filter>Header Files</Filter>
    </ClInclude>
    <ClInclude Include="src\vendor\imgui\stb_textedit.h">
      <Filter>Header Files</Filter>
    </ClInclude>
    <ClInclude Include="src\vendor\imgui\stb_truetype.h">
      <Filter>Header Files</Filter>
    </ClInclude>
    <ClInclude Include="src\graphics\mesh\Model.h">
      <Filter>Header Files</Filter>
    </ClInclude>
    <ClInclude Include="src\graphics\mesh\Material.h">
      <Filter>Header Files</Filter>
    </ClInclude>
    <ClInclude Include="src\graphics\mesh\Mesh.h">
      <Filter>Header Files</Filter>
    </ClInclude>
    <ClInclude Include="src\graphics\mesh\common\Cube.h">
      <Filter>Header Files</Filter>
    </ClInclude>
    <ClInclude Include="src\graphics\mesh\common\Sphere.h">
      <Filter>Header Files</Filter>
    </ClInclude>
    <ClInclude Include="src\graphics\mesh\common\Quad.h">
      <Filter>Header Files</Filter>
    </ClInclude>
    <ClInclude Include="src\graphics\texture\Texture.h">
      <Filter>Header Files</Filter>
    </ClInclude>
    <ClInclude Include="src\utils\loaders\TextureLoader.h">
      <Filter>Header Files</Filter>
    </ClInclude>
    <ClInclude Include="src\utils\loaders\MeshLoader.h">
      <Filter>Header Files</Filter>
    </ClInclude>
    <ClInclude Include="src\graphics\texture\Cubemap.h">
      <Filter>Header Files</Filter>
    </ClInclude>
    <ClInclude Include="src\ui\RuntimePane.h">
      <Filter>Header Files</Filter>
    </ClInclude>
    <ClInclude Include="src\ui\DebugPane.h">
      <Filter>Header Files</Filter>
    </ClInclude>
    <ClInclude Include="src\ui\Pane.h">
      <Filter>Header Files</Filter>
    </ClInclude>
    <ClInclude Include="src\graphics\camera\CubemapCamera.h">
      <Filter>Header Files</Filter>
    </ClInclude>
    <ClInclude Include="src\graphics\camera\FPSCamera.h">
      <Filter>Header Files</Filter>
    </ClInclude>
    <ClInclude Include="src\pch.h">
      <Filter>Header Files</Filter>
    </ClInclude>
    <ClInclude Include="src\platform\OpenGL\Framebuffers\Framebuffer.h">
      <Filter>Header Files</Filter>
    </ClInclude>
    <ClInclude Include="src\scene\Scene3D.h">
      <Filter>Header Files</Filter>
    </ClInclude>
    <ClInclude Include="src\input\InputManager.h">
      <Filter>Header Files</Filter>
    </ClInclude>
    <ClInclude Include="src\input\JoystickManager.h">
      <Filter>Header Files</Filter>
    </ClInclude>
    <ClInclude Include="src\scene\RenderableModel.h">
      <Filter>Header Files</Filter>
    </ClInclude>
    <ClInclude Include="src\graphics\renderer\MasterRenderer.h">
      <Filter>Header Files</Filter>
    </ClInclude>
    <ClInclude Include="src\graphics\renderer\renderpass\RenderPass.h">
      <Filter>Header Files</Filter>
    </ClInclude>
    <ClInclude Include="src\graphics\renderer\ModelRenderer.h">
      <Filter>Header Files</Filter>
    </ClInclude>
    <ClInclude Include="src\graphics\renderer\renderpass\RenderPassType.h">
      <Filter>Header Files</Filter>
    </ClInclude>
    <ClInclude Include="src\graphics\camera\ICamera.h">
      <Filter>Header Files</Filter>
    </ClInclude>
    <ClInclude Include="src\utils\loaders\ShaderLoader.h">
      <Filter>Header Files</Filter>
    </ClInclude>
    <ClInclude Include="src\graphics\ibl\LightProbe.h">
      <Filter>Header Files</Filter>
    </ClInclude>
    <ClInclude Include="src\graphics\ibl\ReflectionProbe.h">
      <Filter>Header Files</Filter>
    </ClInclude>
    <ClInclude Include="src\graphics\ibl\ProbeManager.h">
      <Filter>Header Files</Filter>
    </ClInclude>
    <ClInclude Include="src\input\JoystickInputData.h">
      <Filter>Header Files</Filter>
    </ClInclude>
    <ClInclude Include="src\graphics\lights\DirectionalLight.h">
      <Filter>Header Files</Filter>
    </ClInclude>
    <ClInclude Include="src\graphics\lights\DynamicLightManager.h">
      <Filter>Header Files</Filter>
    </ClInclude>
    <ClInclude Include="src\graphics\lights\PointLight.h">
      <Filter>Header Files</Filter>
    </ClInclude>
    <ClInclude Include="src\graphics\lights\SpotLight.h">
      <Filter>Header Files</Filter>
    </ClInclude>
    <ClInclude Include="src\graphics\lights\Light.h">
      <Filter>Header Files</Filter>
    </ClInclude>
    <ClInclude Include="src\graphics\renderer\renderpass\forward\ForwardProbePass.h">
      <Filter>Header Files</Filter>
    </ClInclude>
    <ClInclude Include="src\graphics\renderer\renderpass\forward\ForwardLightingPass.h">
      <Filter>Header Files</Filter>
    </ClInclude>
    <ClInclude Include="src\graphics\renderer\renderpass\ShadowmapPass.h">
      <Filter>Header Files</Filter>
    </ClInclude>
    <ClInclude Include="src\platform\OpenGL\Framebuffers\GBuffer.h">
      <Filter>Header Files</Filter>
    </ClInclude>
    <ClInclude Include="src\graphics\renderer\renderpass\deferred\DeferredGeometryPass.h">
      <Filter>Header Files</Filter>
    </ClInclude>
    <ClInclude Include="src\graphics\renderer\renderpass\deferred\DeferredLightingPass.h">
      <Filter>Header Files</Filter>
    </ClInclude>
    <ClInclude Include="src\graphics\renderer\renderpass\PostProcessPass.h">
      <Filter>Header Files</Filter>
    </ClInclude>
    <ClInclude Include="src\graphics\renderer\renderpass\deferred\PostGBufferForwardPass.h">
      <Filter>Header Files</Filter>
    </ClInclude>
    <ClInclude Include="src\graphics\renderer\renderpass\WaterPass.h">
      <Filter>Header Files</Filter>
    </ClInclude>
    <ClInclude Include="src\ui\WaterPane.h">
      <Filter>Header Files</Filter>
    </ClInclude>
    <ClInclude Include="src\core\Layer.h">
      <Filter>Header Files</Filter>
    </ClInclude>
    <ClInclude Include="src\core\Base.h">
      <Filter>Header Files</Filter>
    </ClInclude>
    <ClInclude Include="src\core\Assert.h">
      <Filter>Header Files</Filter>
    </ClInclude>
    <ClInclude Include="src\core\LayerStack.h">
      <Filter>Header Files</Filter>
    </ClInclude>
    <ClInclude Include="src\core\events\Event.h">
      <Filter>Header Files</Filter>
    </ClInclude>
    <ClInclude Include="src\core\Application.h">
      <Filter>Header Files</Filter>
    </ClInclude>
  </ItemGroup>
  <ItemGroup>
    <None Include="src\shaders\spotlight.frag" />
    <None Include="src\shaders\pointlight.frag" />
    <None Include="src\shaders\directionalLight.frag" />
    <None Include="src\shaders\compute\frame_luminance.comp" />
    <None Include="src\shaders\BRDF_Integration.glsl" />
    <None Include="src\shaders\LightProbe_Convolution.glsl" />
    <None Include="src\shaders\ReflectionProbe_ImportanceSampling.glsl" />
    <None Include="src\shaders\Shadowmap_Generation.glsl" />
    <None Include="src\shaders\Skybox.glsl" />
    <None Include="src\shaders\forward\PBR_Model.glsl" />
    <None Include="src\shaders\forward\PBR_Terrain.glsl" />
    <None Include="src\shaders\deferred\PBR_LightingPass.glsl" />
    <None Include="src\shaders\deferred\PBR_Model_GeometryPass.glsl" />
    <None Include="src\shaders\deferred\PBR_Terrain_GeometryPass.glsl" />
    <None Include="src\shaders\compute\Scene_Luminance.glsl" />
    <None Include="src\shaders\post_process\bloom\BloomBrightPass.glsl" />
    <None Include="src\shaders\post_process\bloom\BloomGaussianBlur.glsl" />
    <None Include="src\shaders\post_process\fxaa\FXAA.glsl" />
    <None Include="src\shaders\post_process\ssao\SSAO.glsl" />
    <None Include="src\shaders\post_process\ssao\SSAO_Blur.glsl" />
    <None Include="src\shaders\TonemapGammaCorrect.glsl" />
    <None Include="src\shaders\post_process\vignette\Vignette.glsl" />
    <None Include="src\shaders\post_process\Copy.glsl" />
    <None Include="src\shaders\post_process\chromatic_aberration\ChromaticAberration.glsl" />
    <None Include="src\shaders\post_process\film_grain\FilmGrain.glsl" />
    <None Include="src\shaders\post_process\smaa\SMAA.glsl" />
    <None Include="src\shaders\post_process\bloom\Composite.glsl" />
    <None Include="src\shaders\Water.glsl" />
  </ItemGroup>
  <ItemGroup>
    <Image Include="res\container.jpg">
      <Filter>Resource Files</Filter>
    </Image>
    <Image Include="res\awesomeface.png">
      <Filter>Resource Files</Filter>
    </Image>
    <Image Include="res\container2.png">
      <Filter>Resource Files</Filter>
    </Image>
    <Image Include="res\container2_specular.png">
      <Filter>Resource Files</Filter>
    </Image>
    <Image Include="res\matrix.jpg">
      <Filter>Resource Files</Filter>
    </Image>
    <Image Include="res\container2_emission.png">
      <Filter>Resource Files</Filter>
    </Image>
    <Image Include="res\terrain\blendMap.png">
      <Filter>Resource Files</Filter>
    </Image>
    <Image Include="res\terrain\dirt.png">
      <Filter>Resource Files</Filter>
    </Image>
    <Image Include="res\terrain\grass.png">
      <Filter>Resource Files</Filter>
    </Image>
    <Image Include="res\terrain\sand.png">
      <Filter>Resource Files</Filter>
    </Image>
    <Image Include="res\terrain\stone.png">
      <Filter>Resource Files</Filter>
    </Image>
    <Image Include="res\terrain\heightMap.png">
      <Filter>Resource Files</Filter>
    </Image>
    <Image Include="res\skybox\back.png">
      <Filter>Resource Files</Filter>
    </Image>
    <Image Include="res\skybox\bottom.png">
      <Filter>Resource Files</Filter>
    </Image>
    <Image Include="res\skybox\left.png">
      <Filter>Resource Files</Filter>
    </Image>
    <Image Include="res\skybox\front.png">
      <Filter>Resource Files</Filter>
    </Image>
    <Image Include="res\skybox\right.png">
      <Filter>Resource Files</Filter>
    </Image>
    <Image Include="res\skybox\top.png">
      <Filter>Resource Files</Filter>
    </Image>
    <Image Include="res\textures\fullSpec.png">
      <Filter>Resource Files</Filter>
    </Image>
    <Image Include="res\textures\grass.png">
      <Filter>Resource Files</Filter>
    </Image>
    <Image Include="res\textures\noSpec.png">
      <Filter>Resource Files</Filter>
    </Image>
    <Image Include="res\textures\window.png">
      <Filter>Resource Files</Filter>
    </Image>
  </ItemGroup>
</Project>